
Microsoft Visual Studio Solution File, Format Version 12.00
# Visual Studio Version 17
VisualStudioVersion = 17.5.33627.172
MinimumVisualStudioVersion = 10.0.40219.1
Project("{FAE04EC0-301F-11D3-BF4B-00C04F79EFBC}") = "Learn", "Learn\Learn.csproj", "{4BA599F2-A0C6-474A-B0E1-40FBA51DED9A}"
EndProject
Project("{FAE04EC0-301F-11D3-BF4B-00C04F79EFBC}") = "WFAAtamaOperatoru", "WFAAtamaOperatoru\WFAAtamaOperatoru.csproj", "{79F0349E-237D-4FD5-8BBC-8C65DAB1A1B5}"
EndProject
Global
	GlobalSection(SolutionConfigurationPlatforms) = preSolution
		Debug|Any CPU = Debug|Any CPU
		Release|Any CPU = Release|Any CPU
	EndGlobalSection
	GlobalSection(ProjectConfigurationPlatforms) = postSolution
		{4BA599F2-A0C6-474A-B0E1-40FBA51DED9A}.Debug|Any CPU.ActiveCfg = Debug|Any CPU
		{4BA599F2-A0C6-474A-B0E1-40FBA51DED9A}.Debug|Any CPU.Build.0 = Debug|Any CPU
		{4BA599F2-A0C6-474A-B0E1-40FBA51DED9A}.Release|Any CPU.ActiveCfg = Release|Any CPU
		{4BA599F2-A0C6-474A-B0E1-40FBA51DED9A}.Release|Any CPU.Build.0 = Release|Any CPU
		{79F0349E-237D-4FD5-8BBC-8C65DAB1A1B5}.Debug|Any CPU.ActiveCfg = Debug|Any CPU
		{79F0349E-237D-4FD5-8BBC-8C65DAB1A1B5}.Debug|Any CPU.Build.0 = Debug|Any CPU
		{79F0349E-237D-4FD5-8BBC-8C65DAB1A1B5}.Release|Any CPU.ActiveCfg = Release|Any CPU
		{79F0349E-237D-4FD5-8BBC-8C65DAB1A1B5}.Release|Any CPU.Build.0 = Release|Any CPU
	EndGlobalSection
	GlobalSection(SolutionProperties) = preSolution
		HideSolutionNode = FALSE
	EndGlobalSection
	GlobalSection(ExtensibilityGlobals) = postSolution
		SolutionGuid = {B030B8AC-7B5E-4B2C-9112-1684BBEBBDF3}
	EndGlobalSection
EndGlobal
